
Microsoft Visual Studio Solution File, Format Version 12.00
# Visual Studio Version 17
VisualStudioVersion = 17.2.32519.379
MinimumVisualStudioVersion = 10.0.40219.1
Project("{9A19103F-16F7-4668-BE54-9A1E7A4F7556}") = "HubWorkerConsume", "HubWorkerConsume.csproj", "{665B8D8F-E24E-401F-B9F4-E9B18B9A7BA8}"
EndProject
Project("{9A19103F-16F7-4668-BE54-9A1E7A4F7556}") = "Command.Models", "..\..\Common\src\Models\Command.Models.csproj", "{407434E4-92D6-4519-AD13-2924BD62CD47}"
EndProject
Project("{2150E333-8FDC-42A3-9474-1A3956D46DE8}") = "Models", "Models", "{D08AE58A-38EF-45F2-9F68-957D86A410CC}"
EndProject
Global
	GlobalSection(SolutionConfigurationPlatforms) = preSolution
		Debug|Any CPU = Debug|Any CPU
		Release|Any CPU = Release|Any CPU
	EndGlobalSection
	GlobalSection(ProjectConfigurationPlatforms) = postSolution
		{665B8D8F-E24E-401F-B9F4-E9B18B9A7BA8}.Debug|Any CPU.ActiveCfg = Debug|Any CPU
		{665B8D8F-E24E-401F-B9F4-E9B18B9A7BA8}.Debug|Any CPU.Build.0 = Debug|Any CPU
		{665B8D8F-E24E-401F-B9F4-E9B18B9A7BA8}.Release|Any CPU.ActiveCfg = Release|Any CPU
		{665B8D8F-E24E-401F-B9F4-E9B18B9A7BA8}.Release|Any CPU.Build.0 = Release|Any CPU
		{407434E4-92D6-4519-AD13-2924BD62CD47}.Debug|Any CPU.ActiveCfg = Debug|Any CPU
		{407434E4-92D6-4519-AD13-2924BD62CD47}.Debug|Any CPU.Build.0 = Debug|Any CPU
		{407434E4-92D6-4519-AD13-2924BD62CD47}.Release|Any CPU.ActiveCfg = Release|Any CPU
		{407434E4-92D6-4519-AD13-2924BD62CD47}.Release|Any CPU.Build.0 = Release|Any CPU
	EndGlobalSection
	GlobalSection(SolutionProperties) = preSolution
		HideSolutionNode = FALSE
	EndGlobalSection
	GlobalSection(NestedProjects) = preSolution
		{407434E4-92D6-4519-AD13-2924BD62CD47} = {D08AE58A-38EF-45F2-9F68-957D86A410CC}
	EndGlobalSection
	GlobalSection(ExtensibilityGlobals) = postSolution
		SolutionGuid = {1E538AE6-562C-4C34-9E45-13E951EB891A}
	EndGlobalSection
EndGlobal
